
Microsoft Visual Studio Solution File, Format Version 12.00
# Visual Studio Version 16
VisualStudioVersion = 16.0.30907.101
MinimumVisualStudioVersion = 10.0.40219.1
Project("{FAE04EC0-301F-11D3-BF4B-00C04F79EFBC}") = "ISDP-AlexanderK", "ISDP-AlexanderK.csproj", "{272BCA47-0EDC-4DF8-B8BF-B07293228254}"
EndProject
Global
	GlobalSection(SolutionConfigurationPlatforms) = preSolution
		Debug|Any CPU = Debug|Any CPU
		Release|Any CPU = Release|Any CPU
	EndGlobalSection
	GlobalSection(ProjectConfigurationPlatforms) = postSolution
		{272BCA47-0EDC-4DF8-B8BF-B07293228254}.Debug|Any CPU.ActiveCfg = Debug|Any CPU
		{272BCA47-0EDC-4DF8-B8BF-B07293228254}.Debug|Any CPU.Build.0 = Debug|Any CPU
		{272BCA47-0EDC-4DF8-B8BF-B07293228254}.Release|Any CPU.ActiveCfg = Release|Any CPU
		{272BCA47-0EDC-4DF8-B8BF-B07293228254}.Release|Any CPU.Build.0 = Release|Any CPU
	EndGlobalSection
	GlobalSection(SolutionProperties) = preSolution
		HideSolutionNode = FALSE
	EndGlobalSection
	GlobalSection(ExtensibilityGlobals) = postSolution
		SolutionGuid = {0F2FA101-6FF6-458F-B04B-331FFEC1DEF0}
	EndGlobalSection
EndGlobal
